
Microsoft Visual Studio Solution File, Format Version 12.00
# Visual Studio Version 17
VisualStudioVersion = 17.5.002.0
MinimumVisualStudioVersion = 10.0.40219.1
Project("{9A19103F-16F7-4668-BE54-9A1E7A4F7556}") = "01_Hello_World", "01_Hello_World\01_Hello_World.csproj", "{BC95F1F1-D7F0-4E62-A371-424EE0E7CCDC}"
EndProject
Project("{9A19103F-16F7-4668-BE54-9A1E7A4F7556}") = "02_Introducao", "02_Introducao\02_Introducao.csproj", "{6B812A23-35A4-4310-8F87-B90E6DE9A749}"
EndProject
Project("{9A19103F-16F7-4668-BE54-9A1E7A4F7556}") = "03_OperaçõesAritmeticas", "03_OperaçõesAritmeticas\03_OperaçõesAritmeticas.csproj", "{AEFDFFA3-39C9-44E5-BFAE-5F94F9EC4B65}"
EndProject
Project("{9A19103F-16F7-4668-BE54-9A1E7A4F7556}") = "04_Funcao_While", "04_Funcao_While\04_Funcao_While.csproj", "{1BF39746-1481-4F54-9DE6-CD64FB2526DC}"
EndProject
Project("{9A19103F-16F7-4668-BE54-9A1E7A4F7556}") = "05_For_Array", "05_For_Array\05_For_Array.csproj", "{790E97A7-E3C2-4E9E-B9F6-EDD77A2E3B5E}"
EndProject
Project("{9A19103F-16F7-4668-BE54-9A1E7A4F7556}") = "06_Sistema_Passagens", "06_Sistema_Passagens\06_Sistema_Passagens.csproj", "{07655E4D-BBB8-485B-A64B-6B5B0927B554}"
EndProject
Project("{9A19103F-16F7-4668-BE54-9A1E7A4F7556}") = "08_Herança_Polimorfismo", "07_Classes\08_Herança_Polimorfismo.csproj", "{0DAAC293-4627-4B92-BCC4-0C6CCA03E0ED}"
EndProject
Project("{9A19103F-16F7-4668-BE54-9A1E7A4F7556}") = "07_Classes_Objetos", "07_Classes_Objetos\07_Classes_Objetos.csproj", "{A5B27C77-AF99-4F1E-97A8-4DE330463518}"
EndProject
Project("{9A19103F-16F7-4668-BE54-9A1E7A4F7556}") = "08_Herança_Polimorfismo (1)", "08_Herança_Polimorfismo\08_Herança_Polimorfismo.csproj", "{69193862-FC4B-4FDD-8677-6F18CAB61757}"
EndProject
Project("{9A19103F-16F7-4668-BE54-9A1E7A4F7556}") = "09_Polimorfismo", "09_Polimorfismo\09_Polimorfismo.csproj", "{DC89A8EA-03AA-42C9-8F2A-685DE9EE1606}"
EndProject
Project("{9A19103F-16F7-4668-BE54-9A1E7A4F7556}") = "10_Metodos_Construtores", "10_Metodos_Construtores\10_Metodos_Construtores.csproj", "{0286C81F-7E4A-4AC6-B01D-E04D6EEBC467}"
EndProject
Project("{9A19103F-16F7-4668-BE54-9A1E7A4F7556}") = "11_Classes_Anonimas", "11_Classes_Anonimas\11_Classes_Anonimas.csproj", "{F4111783-159C-4611-801D-D858898511FC}"
EndProject
Project("{9A19103F-16F7-4668-BE54-9A1E7A4F7556}") = "09_Polimorfismo (1)", "12_Classes_Abstratas\09_Polimorfismo.csproj", "{F2DE0E48-587C-463D-B0FB-641ACDB03A4C}"
EndProject
Project("{9A19103F-16F7-4668-BE54-9A1E7A4F7556}") = "13_Try", "13_Try\13_Try.csproj", "{3595F2FA-3366-4EE8-93E8-0E65F475E50F}"
EndProject
Project("{9A19103F-16F7-4668-BE54-9A1E7A4F7556}") = "14_Arquivos", "14_Arquivos\14_Arquivos.csproj", "{EDB8F82A-5004-42CB-8A3A-7FFADB977A05}"
EndProject
Project("{9A19103F-16F7-4668-BE54-9A1E7A4F7556}") = "15_Listas", "15_Listas\15_Listas.csproj", "{350AC2B0-EB3C-498A-A0B9-50AEC7C163BF}"
EndProject
Project("{9A19103F-16F7-4668-BE54-9A1E7A4F7556}") = "Projeto", "Projeto\Projeto.csproj", "{72AAD90D-92FE-466C-830E-34ED7C2E0805}"
EndProject
Project("{2150E333-8FDC-42A3-9474-1A3956D46DE8}") = "Exercicio", "Exercicio", "{5BD88D65-0F35-428C-8B72-26EB909AF889}"
EndProject
Project("{9A19103F-16F7-4668-BE54-9A1E7A4F7556}") = "ex001", "Exercicio\ex001\ex001.csproj", "{DECA0C0E-DBF2-4AF2-B672-E9D139303C59}"
EndProject
Project("{9A19103F-16F7-4668-BE54-9A1E7A4F7556}") = "ex002", "Exercicio\ex002\ex002.csproj", "{9C4377E1-9773-4F4F-9303-26BBB6078CF0}"
EndProject
Project("{9A19103F-16F7-4668-BE54-9A1E7A4F7556}") = "ex003", "Exercicio\ex003\ex003.csproj", "{D62FAE1F-B727-47CD-97E3-B856A8175704}"
EndProject
Project("{9A19103F-16F7-4668-BE54-9A1E7A4F7556}") = "ex004", "Exercicio\ex004\ex004.csproj", "{A1083783-5BBF-45EF-A5D5-EE7F4492FF9E}"
EndProject
Project("{9A19103F-16F7-4668-BE54-9A1E7A4F7556}") = "ex005", "Exercicio\ex005\ex005.csproj", "{FD2A4254-1675-4D27-9303-92EFD152D423}"
EndProject
Project("{9A19103F-16F7-4668-BE54-9A1E7A4F7556}") = "Sistema_Bancario", "Exercicio\Sistema_Bancario\Sistema_Bancario.csproj", "{C8AF76EA-72E9-46F2-A7D1-54D3CEE77DE4}"
EndProject
Global
	GlobalSection(SolutionConfigurationPlatforms) = preSolution
		Debug|Any CPU = Debug|Any CPU
		Release|Any CPU = Release|Any CPU
	EndGlobalSection
	GlobalSection(ProjectConfigurationPlatforms) = postSolution
		{BC95F1F1-D7F0-4E62-A371-424EE0E7CCDC}.Debug|Any CPU.ActiveCfg = Debug|Any CPU
		{BC95F1F1-D7F0-4E62-A371-424EE0E7CCDC}.Debug|Any CPU.Build.0 = Debug|Any CPU
		{BC95F1F1-D7F0-4E62-A371-424EE0E7CCDC}.Release|Any CPU.ActiveCfg = Release|Any CPU
		{BC95F1F1-D7F0-4E62-A371-424EE0E7CCDC}.Release|Any CPU.Build.0 = Release|Any CPU
		{6B812A23-35A4-4310-8F87-B90E6DE9A749}.Debug|Any CPU.ActiveCfg = Debug|Any CPU
		{6B812A23-35A4-4310-8F87-B90E6DE9A749}.Debug|Any CPU.Build.0 = Debug|Any CPU
		{6B812A23-35A4-4310-8F87-B90E6DE9A749}.Release|Any CPU.ActiveCfg = Release|Any CPU
		{6B812A23-35A4-4310-8F87-B90E6DE9A749}.Release|Any CPU.Build.0 = Release|Any CPU
		{AEFDFFA3-39C9-44E5-BFAE-5F94F9EC4B65}.Debug|Any CPU.ActiveCfg = Debug|Any CPU
		{AEFDFFA3-39C9-44E5-BFAE-5F94F9EC4B65}.Debug|Any CPU.Build.0 = Debug|Any CPU
		{AEFDFFA3-39C9-44E5-BFAE-5F94F9EC4B65}.Release|Any CPU.ActiveCfg = Release|Any CPU
		{AEFDFFA3-39C9-44E5-BFAE-5F94F9EC4B65}.Release|Any CPU.Build.0 = Release|Any CPU
		{1BF39746-1481-4F54-9DE6-CD64FB2526DC}.Debug|Any CPU.ActiveCfg = Debug|Any CPU
		{1BF39746-1481-4F54-9DE6-CD64FB2526DC}.Debug|Any CPU.Build.0 = Debug|Any CPU
		{1BF39746-1481-4F54-9DE6-CD64FB2526DC}.Release|Any CPU.ActiveCfg = Release|Any CPU
		{1BF39746-1481-4F54-9DE6-CD64FB2526DC}.Release|Any CPU.Build.0 = Release|Any CPU
		{790E97A7-E3C2-4E9E-B9F6-EDD77A2E3B5E}.Debug|Any CPU.ActiveCfg = Debug|Any CPU
		{790E97A7-E3C2-4E9E-B9F6-EDD77A2E3B5E}.Debug|Any CPU.Build.0 = Debug|Any CPU
		{790E97A7-E3C2-4E9E-B9F6-EDD77A2E3B5E}.Release|Any CPU.ActiveCfg = Release|Any CPU
		{790E97A7-E3C2-4E9E-B9F6-EDD77A2E3B5E}.Release|Any CPU.Build.0 = Release|Any CPU
		{07655E4D-BBB8-485B-A64B-6B5B0927B554}.Debug|Any CPU.ActiveCfg = Debug|Any CPU
		{07655E4D-BBB8-485B-A64B-6B5B0927B554}.Debug|Any CPU.Build.0 = Debug|Any CPU
		{07655E4D-BBB8-485B-A64B-6B5B0927B554}.Release|Any CPU.ActiveCfg = Release|Any CPU
		{07655E4D-BBB8-485B-A64B-6B5B0927B554}.Release|Any CPU.Build.0 = Release|Any CPU
		{0DAAC293-4627-4B92-BCC4-0C6CCA03E0ED}.Debug|Any CPU.ActiveCfg = Debug|Any CPU
		{0DAAC293-4627-4B92-BCC4-0C6CCA03E0ED}.Debug|Any CPU.Build.0 = Debug|Any CPU
		{0DAAC293-4627-4B92-BCC4-0C6CCA03E0ED}.Release|Any CPU.ActiveCfg = Release|Any CPU
		{0DAAC293-4627-4B92-BCC4-0C6CCA03E0ED}.Release|Any CPU.Build.0 = Release|Any CPU
		{A5B27C77-AF99-4F1E-97A8-4DE330463518}.Debug|Any CPU.ActiveCfg = Debug|Any CPU
		{A5B27C77-AF99-4F1E-97A8-4DE330463518}.Debug|Any CPU.Build.0 = Debug|Any CPU
		{A5B27C77-AF99-4F1E-97A8-4DE330463518}.Release|Any CPU.ActiveCfg = Release|Any CPU
		{A5B27C77-AF99-4F1E-97A8-4DE330463518}.Release|Any CPU.Build.0 = Release|Any CPU
		{69193862-FC4B-4FDD-8677-6F18CAB61757}.Debug|Any CPU.ActiveCfg = Debug|Any CPU
		{69193862-FC4B-4FDD-8677-6F18CAB61757}.Debug|Any CPU.Build.0 = Debug|Any CPU
		{69193862-FC4B-4FDD-8677-6F18CAB61757}.Release|Any CPU.ActiveCfg = Release|Any CPU
		{69193862-FC4B-4FDD-8677-6F18CAB61757}.Release|Any CPU.Build.0 = Release|Any CPU
		{DC89A8EA-03AA-42C9-8F2A-685DE9EE1606}.Debug|Any CPU.ActiveCfg = Debug|Any CPU
		{DC89A8EA-03AA-42C9-8F2A-685DE9EE1606}.Debug|Any CPU.Build.0 = Debug|Any CPU
		{DC89A8EA-03AA-42C9-8F2A-685DE9EE1606}.Release|Any CPU.ActiveCfg = Release|Any CPU
		{DC89A8EA-03AA-42C9-8F2A-685DE9EE1606}.Release|Any CPU.Build.0 = Release|Any CPU
		{0286C81F-7E4A-4AC6-B01D-E04D6EEBC467}.Debug|Any CPU.ActiveCfg = Debug|Any CPU
		{0286C81F-7E4A-4AC6-B01D-E04D6EEBC467}.Debug|Any CPU.Build.0 = Debug|Any CPU
		{0286C81F-7E4A-4AC6-B01D-E04D6EEBC467}.Release|Any CPU.ActiveCfg = Release|Any CPU
		{0286C81F-7E4A-4AC6-B01D-E04D6EEBC467}.Release|Any CPU.Build.0 = Release|Any CPU
		{F4111783-159C-4611-801D-D858898511FC}.Debug|Any CPU.ActiveCfg = Debug|Any CPU
		{F4111783-159C-4611-801D-D858898511FC}.Debug|Any CPU.Build.0 = Debug|Any CPU
		{F4111783-159C-4611-801D-D858898511FC}.Release|Any CPU.ActiveCfg = Release|Any CPU
		{F4111783-159C-4611-801D-D858898511FC}.Release|Any CPU.Build.0 = Release|Any CPU
		{F2DE0E48-587C-463D-B0FB-641ACDB03A4C}.Debug|Any CPU.ActiveCfg = Debug|Any CPU
		{F2DE0E48-587C-463D-B0FB-641ACDB03A4C}.Debug|Any CPU.Build.0 = Debug|Any CPU
		{F2DE0E48-587C-463D-B0FB-641ACDB03A4C}.Release|Any CPU.ActiveCfg = Release|Any CPU
		{F2DE0E48-587C-463D-B0FB-641ACDB03A4C}.Release|Any CPU.Build.0 = Release|Any CPU
		{3595F2FA-3366-4EE8-93E8-0E65F475E50F}.Debug|Any CPU.ActiveCfg = Debug|Any CPU
		{3595F2FA-3366-4EE8-93E8-0E65F475E50F}.Debug|Any CPU.Build.0 = Debug|Any CPU
		{3595F2FA-3366-4EE8-93E8-0E65F475E50F}.Release|Any CPU.ActiveCfg = Release|Any CPU
		{3595F2FA-3366-4EE8-93E8-0E65F475E50F}.Release|Any CPU.Build.0 = Release|Any CPU
		{EDB8F82A-5004-42CB-8A3A-7FFADB977A05}.Debug|Any CPU.ActiveCfg = Debug|Any CPU
		{EDB8F82A-5004-42CB-8A3A-7FFADB977A05}.Debug|Any CPU.Build.0 = Debug|Any CPU
		{EDB8F82A-5004-42CB-8A3A-7FFADB977A05}.Release|Any CPU.ActiveCfg = Release|Any CPU
		{EDB8F82A-5004-42CB-8A3A-7FFADB977A05}.Release|Any CPU.Build.0 = Release|Any CPU
		{350AC2B0-EB3C-498A-A0B9-50AEC7C163BF}.Debug|Any CPU.ActiveCfg = Debug|Any CPU
		{350AC2B0-EB3C-498A-A0B9-50AEC7C163BF}.Debug|Any CPU.Build.0 = Debug|Any CPU
		{350AC2B0-EB3C-498A-A0B9-50AEC7C163BF}.Release|Any CPU.ActiveCfg = Release|Any CPU
		{350AC2B0-EB3C-498A-A0B9-50AEC7C163BF}.Release|Any CPU.Build.0 = Release|Any CPU
		{72AAD90D-92FE-466C-830E-34ED7C2E0805}.Debug|Any CPU.ActiveCfg = Debug|Any CPU
		{72AAD90D-92FE-466C-830E-34ED7C2E0805}.Debug|Any CPU.Build.0 = Debug|Any CPU
		{72AAD90D-92FE-466C-830E-34ED7C2E0805}.Release|Any CPU.ActiveCfg = Release|Any CPU
		{72AAD90D-92FE-466C-830E-34ED7C2E0805}.Release|Any CPU.Build.0 = Release|Any CPU
		{DECA0C0E-DBF2-4AF2-B672-E9D139303C59}.Debug|Any CPU.ActiveCfg = Debug|Any CPU
		{DECA0C0E-DBF2-4AF2-B672-E9D139303C59}.Debug|Any CPU.Build.0 = Debug|Any CPU
		{DECA0C0E-DBF2-4AF2-B672-E9D139303C59}.Release|Any CPU.ActiveCfg = Release|Any CPU
		{DECA0C0E-DBF2-4AF2-B672-E9D139303C59}.Release|Any CPU.Build.0 = Release|Any CPU
		{9C4377E1-9773-4F4F-9303-26BBB6078CF0}.Debug|Any CPU.ActiveCfg = Debug|Any CPU
		{9C4377E1-9773-4F4F-9303-26BBB6078CF0}.Debug|Any CPU.Build.0 = Debug|Any CPU
		{9C4377E1-9773-4F4F-9303-26BBB6078CF0}.Release|Any CPU.ActiveCfg = Release|Any CPU
		{9C4377E1-9773-4F4F-9303-26BBB6078CF0}.Release|Any CPU.Build.0 = Release|Any CPU
		{D62FAE1F-B727-47CD-97E3-B856A8175704}.Debug|Any CPU.ActiveCfg = Debug|Any CPU
		{D62FAE1F-B727-47CD-97E3-B856A8175704}.Debug|Any CPU.Build.0 = Debug|Any CPU
		{D62FAE1F-B727-47CD-97E3-B856A8175704}.Release|Any CPU.ActiveCfg = Release|Any CPU
		{D62FAE1F-B727-47CD-97E3-B856A8175704}.Release|Any CPU.Build.0 = Release|Any CPU
		{A1083783-5BBF-45EF-A5D5-EE7F4492FF9E}.Debug|Any CPU.ActiveCfg = Debug|Any CPU
		{A1083783-5BBF-45EF-A5D5-EE7F4492FF9E}.Debug|Any CPU.Build.0 = Debug|Any CPU
		{A1083783-5BBF-45EF-A5D5-EE7F4492FF9E}.Release|Any CPU.ActiveCfg = Release|Any CPU
		{A1083783-5BBF-45EF-A5D5-EE7F4492FF9E}.Release|Any CPU.Build.0 = Release|Any CPU
		{FD2A4254-1675-4D27-9303-92EFD152D423}.Debug|Any CPU.ActiveCfg = Debug|Any CPU
		{FD2A4254-1675-4D27-9303-92EFD152D423}.Debug|Any CPU.Build.0 = Debug|Any CPU
		{FD2A4254-1675-4D27-9303-92EFD152D423}.Release|Any CPU.ActiveCfg = Release|Any CPU
		{FD2A4254-1675-4D27-9303-92EFD152D423}.Release|Any CPU.Build.0 = Release|Any CPU
		{C8AF76EA-72E9-46F2-A7D1-54D3CEE77DE4}.Debug|Any CPU.ActiveCfg = Debug|Any CPU
		{C8AF76EA-72E9-46F2-A7D1-54D3CEE77DE4}.Debug|Any CPU.Build.0 = Debug|Any CPU
		{C8AF76EA-72E9-46F2-A7D1-54D3CEE77DE4}.Release|Any CPU.ActiveCfg = Release|Any CPU
		{C8AF76EA-72E9-46F2-A7D1-54D3CEE77DE4}.Release|Any CPU.Build.0 = Release|Any CPU
	EndGlobalSection
	GlobalSection(SolutionProperties) = preSolution
		HideSolutionNode = FALSE
	EndGlobalSection
	GlobalSection(NestedProjects) = preSolution
		{DECA0C0E-DBF2-4AF2-B672-E9D139303C59} = {5BD88D65-0F35-428C-8B72-26EB909AF889}
		{9C4377E1-9773-4F4F-9303-26BBB6078CF0} = {5BD88D65-0F35-428C-8B72-26EB909AF889}
		{D62FAE1F-B727-47CD-97E3-B856A8175704} = {5BD88D65-0F35-428C-8B72-26EB909AF889}
		{A1083783-5BBF-45EF-A5D5-EE7F4492FF9E} = {5BD88D65-0F35-428C-8B72-26EB909AF889}
		{FD2A4254-1675-4D27-9303-92EFD152D423} = {5BD88D65-0F35-428C-8B72-26EB909AF889}
		{C8AF76EA-72E9-46F2-A7D1-54D3CEE77DE4} = {5BD88D65-0F35-428C-8B72-26EB909AF889}
	EndGlobalSection
	GlobalSection(ExtensibilityGlobals) = postSolution
		SolutionGuid = {C646312E-178A-422F-BBE4-11E76472DB62}
	EndGlobalSection
EndGlobal
